
Microsoft Visual Studio Solution File, Format Version 12.00
# Visual Studio 15
VisualStudioVersion = 15.0.28307.329
MinimumVisualStudioVersion = 10.0.40219.1
Project("{8BC9CEB8-8B4A-11D0-8D11-00A0C91BC942}") = "Files", "Files\Files.vcxproj", "{EEAD7123-C274-4129-B97F-7F6DDCC68746}"
EndProject
Project("{8BC9CEB8-8B4A-11D0-8D11-00A0C91BC942}") = "Write_Files", "Write_Files\Write_Files.vcxproj", "{892B1893-2C75-4D83-B3EB-5216EAAD945C}"
EndProject
Project("{8BC9CEB8-8B4A-11D0-8D11-00A0C91BC942}") = "EOF", "EOF\EOF.vcxproj", "{C4ED652B-D76E-48CE-9F1C-F01A46554385}"
EndProject
Project("{8BC9CEB8-8B4A-11D0-8D11-00A0C91BC942}") = "event", "event\event.vcxproj", "{2C4E485C-6B84-4B8D-8FD1-B4AC4256A184}"
EndProject
Project("{8BC9CEB8-8B4A-11D0-8D11-00A0C91BC942}") = "Process_practice", "Process_practice\Process_practice.vcxproj", "{9B2AC9E1-DB52-4FD7-AE00-D412266214A0}"
EndProject
Project("{8BC9CEB8-8B4A-11D0-8D11-00A0C91BC942}") = "Project9(handles_process)", "Project9(handles_process)\Project9(handles_process).vcxproj", "{FCF38148-567F-49B2-96AC-75FFB9E3D6D6}"
EndProject
Project("{8BC9CEB8-8B4A-11D0-8D11-00A0C91BC942}") = "Environmental_vars", "Environmental_vars\Environmental_vars.vcxproj", "{9C88FF3E-3642-43DC-9672-B41896A1FFC7}"
EndProject
Project("{8BC9CEB8-8B4A-11D0-8D11-00A0C91BC942}") = "Project14_exit_thread", "Project14_exit_thread\Project14_exit_thread.vcxproj", "{50D8F314-EA18-46CC-A2EF-0F71EB7CDA5D}"
EndProject
Project("{8BC9CEB8-8B4A-11D0-8D11-00A0C91BC942}") = "Project15_terminate_thread", "Project15_terminate_thread\Project15_terminate_thread.vcxproj", "{FC385F24-5C9B-4909-A6B6-186B6F57DF10}"
EndProject
Project("{8BC9CEB8-8B4A-11D0-8D11-00A0C91BC942}") = "Project_DLL", "Project_DLL\Project_DLL.vcxproj", "{93A2981F-CCE4-4B0B-8EB5-6419CCE07F80}"
EndProject
Project("{8BC9CEB8-8B4A-11D0-8D11-00A0C91BC942}") = "Testdll", "Testdll\Testdll.vcxproj", "{CF564F03-CFD9-411C-B03F-2A917B76AC4A}"
EndProject
Project("{8BC9CEB8-8B4A-11D0-8D11-00A0C91BC942}") = "Project1_conversion", "Project1_conversion\Project1_conversion.vcxproj", "{378E030E-DAE5-4C63-B3B2-5A19FC36C241}"
EndProject
Project("{8BC9CEB8-8B4A-11D0-8D11-00A0C91BC942}") = "Project2_CLA", "Project2_CLA\Project2_CLA.vcxproj", "{FC63529B-2329-4FD1-9A1A-FE0D22BCDB57}"
EndProject
Project("{8BC9CEB8-8B4A-11D0-8D11-00A0C91BC942}") = "Project12_createThread_Demo", "Project12_createThread_Demo\Project12_createThread_Demo.vcxproj", "{A66D5694-C955-4FD9-8612-0F885B94227B}"
EndProject
Project("{8BC9CEB8-8B4A-11D0-8D11-00A0C91BC942}") = "Project13_suspend", "Project13_suspend\Project13_suspend.vcxproj", "{71A55F16-4948-4ECA-9376-ACC8DF37FFF0}"
EndProject
Project("{8BC9CEB8-8B4A-11D0-8D11-00A0C91BC942}") = "Project11_inheritance", "Project11_inheritance\Project11_inheritance.vcxproj", "{E40DAB27-D04C-4D51-8EA6-16CB9E6B014A}"
EndProject
Project("{8BC9CEB8-8B4A-11D0-8D11-00A0C91BC942}") = "DLL_RuntimeLink", "DLL_RuntimeLink\DLL_RuntimeLink.vcxproj", "{3BEFC664-2A85-45D2-8B31-C4D3FA670712}"
EndProject
Project("{8BC9CEB8-8B4A-11D0-8D11-00A0C91BC942}") = "Test_DLLRuntime", "Test_DLLRuntime\Test_DLLRuntime.vcxproj", "{F376B5BB-34A5-428E-846C-0564D87DE250}"
EndProject
Project("{8BC9CEB8-8B4A-11D0-8D11-00A0C91BC942}") = "Project23_static", "Project23_static\Project23_static.vcxproj", "{BCED623F-EF17-4F07-8A1B-355C16487323}"
EndProject
Project("{8BC9CEB8-8B4A-11D0-8D11-00A0C91BC942}") = "Test_appStaticLIB", "Test_appStaticLIB\Test_appStaticLIB.vcxproj", "{F65CD5E2-03AE-4778-B135-5007D6FE8097}"
EndProject
Project("{8BC9CEB8-8B4A-11D0-8D11-00A0C91BC942}") = "Project24_wait_single", "Project24_wait_single\Project24_wait_single.vcxproj", "{250372B0-824B-458D-A812-DCC94E6AF0BF}"
EndProject
Project("{8BC9CEB8-8B4A-11D0-8D11-00A0C91BC942}") = "Project25_multiobj", "Project25_multiobj\Project25_multiobj.vcxproj", "{6280774C-31E5-4074-866F-37C6F3DBF844}"
EndProject
Global
	GlobalSection(SolutionConfigurationPlatforms) = preSolution
		Debug|x64 = Debug|x64
		Debug|x86 = Debug|x86
		Release|x64 = Release|x64
		Release|x86 = Release|x86
	EndGlobalSection
	GlobalSection(ProjectConfigurationPlatforms) = postSolution
		{EEAD7123-C274-4129-B97F-7F6DDCC68746}.Debug|x64.ActiveCfg = Debug|x64
		{EEAD7123-C274-4129-B97F-7F6DDCC68746}.Debug|x64.Build.0 = Debug|x64
		{EEAD7123-C274-4129-B97F-7F6DDCC68746}.Debug|x86.ActiveCfg = Debug|Win32
		{EEAD7123-C274-4129-B97F-7F6DDCC68746}.Debug|x86.Build.0 = Debug|Win32
		{EEAD7123-C274-4129-B97F-7F6DDCC68746}.Release|x64.ActiveCfg = Release|x64
		{EEAD7123-C274-4129-B97F-7F6DDCC68746}.Release|x64.Build.0 = Release|x64
		{EEAD7123-C274-4129-B97F-7F6DDCC68746}.Release|x86.ActiveCfg = Release|Win32
		{EEAD7123-C274-4129-B97F-7F6DDCC68746}.Release|x86.Build.0 = Release|Win32
		{892B1893-2C75-4D83-B3EB-5216EAAD945C}.Debug|x64.ActiveCfg = Debug|x64
		{892B1893-2C75-4D83-B3EB-5216EAAD945C}.Debug|x64.Build.0 = Debug|x64
		{892B1893-2C75-4D83-B3EB-5216EAAD945C}.Debug|x86.ActiveCfg = Debug|Win32
		{892B1893-2C75-4D83-B3EB-5216EAAD945C}.Debug|x86.Build.0 = Debug|Win32
		{892B1893-2C75-4D83-B3EB-5216EAAD945C}.Release|x64.ActiveCfg = Release|x64
		{892B1893-2C75-4D83-B3EB-5216EAAD945C}.Release|x64.Build.0 = Release|x64
		{892B1893-2C75-4D83-B3EB-5216EAAD945C}.Release|x86.ActiveCfg = Release|Win32
		{892B1893-2C75-4D83-B3EB-5216EAAD945C}.Release|x86.Build.0 = Release|Win32
		{C4ED652B-D76E-48CE-9F1C-F01A46554385}.Debug|x64.ActiveCfg = Debug|x64
		{C4ED652B-D76E-48CE-9F1C-F01A46554385}.Debug|x64.Build.0 = Debug|x64
		{C4ED652B-D76E-48CE-9F1C-F01A46554385}.Debug|x86.ActiveCfg = Debug|Win32
		{C4ED652B-D76E-48CE-9F1C-F01A46554385}.Debug|x86.Build.0 = Debug|Win32
		{C4ED652B-D76E-48CE-9F1C-F01A46554385}.Release|x64.ActiveCfg = Release|x64
		{C4ED652B-D76E-48CE-9F1C-F01A46554385}.Release|x64.Build.0 = Release|x64
		{C4ED652B-D76E-48CE-9F1C-F01A46554385}.Release|x86.ActiveCfg = Release|Win32
		{C4ED652B-D76E-48CE-9F1C-F01A46554385}.Release|x86.Build.0 = Release|Win32
		{2C4E485C-6B84-4B8D-8FD1-B4AC4256A184}.Debug|x64.ActiveCfg = Debug|x64
		{2C4E485C-6B84-4B8D-8FD1-B4AC4256A184}.Debug|x64.Build.0 = Debug|x64
		{2C4E485C-6B84-4B8D-8FD1-B4AC4256A184}.Debug|x86.ActiveCfg = Debug|Win32
		{2C4E485C-6B84-4B8D-8FD1-B4AC4256A184}.Debug|x86.Build.0 = Debug|Win32
		{2C4E485C-6B84-4B8D-8FD1-B4AC4256A184}.Release|x64.ActiveCfg = Release|x64
		{2C4E485C-6B84-4B8D-8FD1-B4AC4256A184}.Release|x64.Build.0 = Release|x64
		{2C4E485C-6B84-4B8D-8FD1-B4AC4256A184}.Release|x86.ActiveCfg = Release|Win32
		{2C4E485C-6B84-4B8D-8FD1-B4AC4256A184}.Release|x86.Build.0 = Release|Win32
		{9B2AC9E1-DB52-4FD7-AE00-D412266214A0}.Debug|x64.ActiveCfg = Debug|x64
		{9B2AC9E1-DB52-4FD7-AE00-D412266214A0}.Debug|x64.Build.0 = Debug|x64
		{9B2AC9E1-DB52-4FD7-AE00-D412266214A0}.Debug|x86.ActiveCfg = Debug|Win32
		{9B2AC9E1-DB52-4FD7-AE00-D412266214A0}.Debug|x86.Build.0 = Debug|Win32
		{9B2AC9E1-DB52-4FD7-AE00-D412266214A0}.Release|x64.ActiveCfg = Release|x64
		{9B2AC9E1-DB52-4FD7-AE00-D412266214A0}.Release|x64.Build.0 = Release|x64
		{9B2AC9E1-DB52-4FD7-AE00-D412266214A0}.Release|x86.ActiveCfg = Release|Win32
		{9B2AC9E1-DB52-4FD7-AE00-D412266214A0}.Release|x86.Build.0 = Release|Win32
		{FCF38148-567F-49B2-96AC-75FFB9E3D6D6}.Debug|x64.ActiveCfg = Debug|x64
		{FCF38148-567F-49B2-96AC-75FFB9E3D6D6}.Debug|x64.Build.0 = Debug|x64
		{FCF38148-567F-49B2-96AC-75FFB9E3D6D6}.Debug|x86.ActiveCfg = Debug|Win32
		{FCF38148-567F-49B2-96AC-75FFB9E3D6D6}.Debug|x86.Build.0 = Debug|Win32
		{FCF38148-567F-49B2-96AC-75FFB9E3D6D6}.Release|x64.ActiveCfg = Release|x64
		{FCF38148-567F-49B2-96AC-75FFB9E3D6D6}.Release|x64.Build.0 = Release|x64
		{FCF38148-567F-49B2-96AC-75FFB9E3D6D6}.Release|x86.ActiveCfg = Release|Win32
		{FCF38148-567F-49B2-96AC-75FFB9E3D6D6}.Release|x86.Build.0 = Release|Win32
		{9C88FF3E-3642-43DC-9672-B41896A1FFC7}.Debug|x64.ActiveCfg = Debug|x64
		{9C88FF3E-3642-43DC-9672-B41896A1FFC7}.Debug|x64.Build.0 = Debug|x64
		{9C88FF3E-3642-43DC-9672-B41896A1FFC7}.Debug|x86.ActiveCfg = Debug|Win32
		{9C88FF3E-3642-43DC-9672-B41896A1FFC7}.Debug|x86.Build.0 = Debug|Win32
		{9C88FF3E-3642-43DC-9672-B41896A1FFC7}.Release|x64.ActiveCfg = Release|x64
		{9C88FF3E-3642-43DC-9672-B41896A1FFC7}.Release|x64.Build.0 = Release|x64
		{9C88FF3E-3642-43DC-9672-B41896A1FFC7}.Release|x86.ActiveCfg = Release|Win32
		{9C88FF3E-3642-43DC-9672-B41896A1FFC7}.Release|x86.Build.0 = Release|Win32
		{50D8F314-EA18-46CC-A2EF-0F71EB7CDA5D}.Debug|x64.ActiveCfg = Debug|x64
		{50D8F314-EA18-46CC-A2EF-0F71EB7CDA5D}.Debug|x64.Build.0 = Debug|x64
		{50D8F314-EA18-46CC-A2EF-0F71EB7CDA5D}.Debug|x86.ActiveCfg = Debug|Win32
		{50D8F314-EA18-46CC-A2EF-0F71EB7CDA5D}.Debug|x86.Build.0 = Debug|Win32
		{50D8F314-EA18-46CC-A2EF-0F71EB7CDA5D}.Release|x64.ActiveCfg = Release|x64
		{50D8F314-EA18-46CC-A2EF-0F71EB7CDA5D}.Release|x64.Build.0 = Release|x64
		{50D8F314-EA18-46CC-A2EF-0F71EB7CDA5D}.Release|x86.ActiveCfg = Release|Win32
		{50D8F314-EA18-46CC-A2EF-0F71EB7CDA5D}.Release|x86.Build.0 = Release|Win32
		{FC385F24-5C9B-4909-A6B6-186B6F57DF10}.Debug|x64.ActiveCfg = Debug|x64
		{FC385F24-5C9B-4909-A6B6-186B6F57DF10}.Debug|x64.Build.0 = Debug|x64
		{FC385F24-5C9B-4909-A6B6-186B6F57DF10}.Debug|x86.ActiveCfg = Debug|Win32
		{FC385F24-5C9B-4909-A6B6-186B6F57DF10}.Debug|x86.Build.0 = Debug|Win32
		{FC385F24-5C9B-4909-A6B6-186B6F57DF10}.Release|x64.ActiveCfg = Release|x64
		{FC385F24-5C9B-4909-A6B6-186B6F57DF10}.Release|x64.Build.0 = Release|x64
		{FC385F24-5C9B-4909-A6B6-186B6F57DF10}.Release|x86.ActiveCfg = Release|Win32
		{FC385F24-5C9B-4909-A6B6-186B6F57DF10}.Release|x86.Build.0 = Release|Win32
		{93A2981F-CCE4-4B0B-8EB5-6419CCE07F80}.Debug|x64.ActiveCfg = Debug|x64
		{93A2981F-CCE4-4B0B-8EB5-6419CCE07F80}.Debug|x64.Build.0 = Debug|x64
		{93A2981F-CCE4-4B0B-8EB5-6419CCE07F80}.Debug|x86.ActiveCfg = Debug|Win32
		{93A2981F-CCE4-4B0B-8EB5-6419CCE07F80}.Debug|x86.Build.0 = Debug|Win32
		{93A2981F-CCE4-4B0B-8EB5-6419CCE07F80}.Release|x64.ActiveCfg = Release|x64
		{93A2981F-CCE4-4B0B-8EB5-6419CCE07F80}.Release|x64.Build.0 = Release|x64
		{93A2981F-CCE4-4B0B-8EB5-6419CCE07F80}.Release|x86.ActiveCfg = Release|Win32
		{93A2981F-CCE4-4B0B-8EB5-6419CCE07F80}.Release|x86.Build.0 = Release|Win32
		{CF564F03-CFD9-411C-B03F-2A917B76AC4A}.Debug|x64.ActiveCfg = Debug|x64
		{CF564F03-CFD9-411C-B03F-2A917B76AC4A}.Debug|x64.Build.0 = Debug|x64
		{CF564F03-CFD9-411C-B03F-2A917B76AC4A}.Debug|x86.ActiveCfg = Debug|Win32
		{CF564F03-CFD9-411C-B03F-2A917B76AC4A}.Debug|x86.Build.0 = Debug|Win32
		{CF564F03-CFD9-411C-B03F-2A917B76AC4A}.Release|x64.ActiveCfg = Release|x64
		{CF564F03-CFD9-411C-B03F-2A917B76AC4A}.Release|x64.Build.0 = Release|x64
		{CF564F03-CFD9-411C-B03F-2A917B76AC4A}.Release|x86.ActiveCfg = Release|Win32
		{CF564F03-CFD9-411C-B03F-2A917B76AC4A}.Release|x86.Build.0 = Release|Win32
		{378E030E-DAE5-4C63-B3B2-5A19FC36C241}.Debug|x64.ActiveCfg = Debug|x64
		{378E030E-DAE5-4C63-B3B2-5A19FC36C241}.Debug|x64.Build.0 = Debug|x64
		{378E030E-DAE5-4C63-B3B2-5A19FC36C241}.Debug|x86.ActiveCfg = Debug|Win32
		{378E030E-DAE5-4C63-B3B2-5A19FC36C241}.Debug|x86.Build.0 = Debug|Win32
		{378E030E-DAE5-4C63-B3B2-5A19FC36C241}.Release|x64.ActiveCfg = Release|x64
		{378E030E-DAE5-4C63-B3B2-5A19FC36C241}.Release|x64.Build.0 = Release|x64
		{378E030E-DAE5-4C63-B3B2-5A19FC36C241}.Release|x86.ActiveCfg = Release|Win32
		{378E030E-DAE5-4C63-B3B2-5A19FC36C241}.Release|x86.Build.0 = Release|Win32
		{FC63529B-2329-4FD1-9A1A-FE0D22BCDB57}.Debug|x64.ActiveCfg = Debug|x64
		{FC63529B-2329-4FD1-9A1A-FE0D22BCDB57}.Debug|x64.Build.0 = Debug|x64
		{FC63529B-2329-4FD1-9A1A-FE0D22BCDB57}.Debug|x86.ActiveCfg = Debug|Win32
		{FC63529B-2329-4FD1-9A1A-FE0D22BCDB57}.Debug|x86.Build.0 = Debug|Win32
		{FC63529B-2329-4FD1-9A1A-FE0D22BCDB57}.Release|x64.ActiveCfg = Release|x64
		{FC63529B-2329-4FD1-9A1A-FE0D22BCDB57}.Release|x64.Build.0 = Release|x64
		{FC63529B-2329-4FD1-9A1A-FE0D22BCDB57}.Release|x86.ActiveCfg = Release|Win32
		{FC63529B-2329-4FD1-9A1A-FE0D22BCDB57}.Release|x86.Build.0 = Release|Win32
		{A66D5694-C955-4FD9-8612-0F885B94227B}.Debug|x64.ActiveCfg = Debug|x64
		{A66D5694-C955-4FD9-8612-0F885B94227B}.Debug|x64.Build.0 = Debug|x64
		{A66D5694-C955-4FD9-8612-0F885B94227B}.Debug|x86.ActiveCfg = Debug|Win32
		{A66D5694-C955-4FD9-8612-0F885B94227B}.Debug|x86.Build.0 = Debug|Win32
		{A66D5694-C955-4FD9-8612-0F885B94227B}.Release|x64.ActiveCfg = Release|x64
		{A66D5694-C955-4FD9-8612-0F885B94227B}.Release|x64.Build.0 = Release|x64
		{A66D5694-C955-4FD9-8612-0F885B94227B}.Release|x86.ActiveCfg = Release|Win32
		{A66D5694-C955-4FD9-8612-0F885B94227B}.Release|x86.Build.0 = Release|Win32
		{71A55F16-4948-4ECA-9376-ACC8DF37FFF0}.Debug|x64.ActiveCfg = Debug|x64
		{71A55F16-4948-4ECA-9376-ACC8DF37FFF0}.Debug|x64.Build.0 = Debug|x64
		{71A55F16-4948-4ECA-9376-ACC8DF37FFF0}.Debug|x86.ActiveCfg = Debug|Win32
		{71A55F16-4948-4ECA-9376-ACC8DF37FFF0}.Debug|x86.Build.0 = Debug|Win32
		{71A55F16-4948-4ECA-9376-ACC8DF37FFF0}.Release|x64.ActiveCfg = Release|x64
		{71A55F16-4948-4ECA-9376-ACC8DF37FFF0}.Release|x64.Build.0 = Release|x64
		{71A55F16-4948-4ECA-9376-ACC8DF37FFF0}.Release|x86.ActiveCfg = Release|Win32
		{71A55F16-4948-4ECA-9376-ACC8DF37FFF0}.Release|x86.Build.0 = Release|Win32
		{E40DAB27-D04C-4D51-8EA6-16CB9E6B014A}.Debug|x64.ActiveCfg = Debug|x64
		{E40DAB27-D04C-4D51-8EA6-16CB9E6B014A}.Debug|x64.Build.0 = Debug|x64
		{E40DAB27-D04C-4D51-8EA6-16CB9E6B014A}.Debug|x86.ActiveCfg = Debug|Win32
		{E40DAB27-D04C-4D51-8EA6-16CB9E6B014A}.Debug|x86.Build.0 = Debug|Win32
		{E40DAB27-D04C-4D51-8EA6-16CB9E6B014A}.Release|x64.ActiveCfg = Release|x64
		{E40DAB27-D04C-4D51-8EA6-16CB9E6B014A}.Release|x64.Build.0 = Release|x64
		{E40DAB27-D04C-4D51-8EA6-16CB9E6B014A}.Release|x86.ActiveCfg = Release|Win32
		{E40DAB27-D04C-4D51-8EA6-16CB9E6B014A}.Release|x86.Build.0 = Release|Win32
		{3BEFC664-2A85-45D2-8B31-C4D3FA670712}.Debug|x64.ActiveCfg = Debug|x64
		{3BEFC664-2A85-45D2-8B31-C4D3FA670712}.Debug|x64.Build.0 = Debug|x64
		{3BEFC664-2A85-45D2-8B31-C4D3FA670712}.Debug|x86.ActiveCfg = Debug|Win32
		{3BEFC664-2A85-45D2-8B31-C4D3FA670712}.Debug|x86.Build.0 = Debug|Win32
		{3BEFC664-2A85-45D2-8B31-C4D3FA670712}.Release|x64.ActiveCfg = Release|x64
		{3BEFC664-2A85-45D2-8B31-C4D3FA670712}.Release|x64.Build.0 = Release|x64
		{3BEFC664-2A85-45D2-8B31-C4D3FA670712}.Release|x86.ActiveCfg = Release|Win32
		{3BEFC664-2A85-45D2-8B31-C4D3FA670712}.Release|x86.Build.0 = Release|Win32
		{F376B5BB-34A5-428E-846C-0564D87DE250}.Debug|x64.ActiveCfg = Debug|x64
		{F376B5BB-34A5-428E-846C-0564D87DE250}.Debug|x64.Build.0 = Debug|x64
		{F376B5BB-34A5-428E-846C-0564D87DE250}.Debug|x86.ActiveCfg = Debug|Win32
		{F376B5BB-34A5-428E-846C-0564D87DE250}.Debug|x86.Build.0 = Debug|Win32
		{F376B5BB-34A5-428E-846C-0564D87DE250}.Release|x64.ActiveCfg = Release|x64
		{F376B5BB-34A5-428E-846C-0564D87DE250}.Release|x64.Build.0 = Release|x64
		{F376B5BB-34A5-428E-846C-0564D87DE250}.Release|x86.ActiveCfg = Release|Win32
		{F376B5BB-34A5-428E-846C-0564D87DE250}.Release|x86.Build.0 = Release|Win32
		{BCED623F-EF17-4F07-8A1B-355C16487323}.Debug|x64.ActiveCfg = Debug|x64
		{BCED623F-EF17-4F07-8A1B-355C16487323}.Debug|x64.Build.0 = Debug|x64
		{BCED623F-EF17-4F07-8A1B-355C16487323}.Debug|x86.ActiveCfg = Debug|Win32
		{BCED623F-EF17-4F07-8A1B-355C16487323}.Debug|x86.Build.0 = Debug|Win32
		{BCED623F-EF17-4F07-8A1B-355C16487323}.Release|x64.ActiveCfg = Release|x64
		{BCED623F-EF17-4F07-8A1B-355C16487323}.Release|x64.Build.0 = Release|x64
		{BCED623F-EF17-4F07-8A1B-355C16487323}.Release|x86.ActiveCfg = Release|Win32
		{BCED623F-EF17-4F07-8A1B-355C16487323}.Release|x86.Build.0 = Release|Win32
		{F65CD5E2-03AE-4778-B135-5007D6FE8097}.Debug|x64.ActiveCfg = Debug|x64
		{F65CD5E2-03AE-4778-B135-5007D6FE8097}.Debug|x64.Build.0 = Debug|x64
		{F65CD5E2-03AE-4778-B135-5007D6FE8097}.Debug|x86.ActiveCfg = Debug|Win32
		{F65CD5E2-03AE-4778-B135-5007D6FE8097}.Debug|x86.Build.0 = Debug|Win32
		{F65CD5E2-03AE-4778-B135-5007D6FE8097}.Release|x64.ActiveCfg = Release|x64
		{F65CD5E2-03AE-4778-B135-5007D6FE8097}.Release|x64.Build.0 = Release|x64
		{F65CD5E2-03AE-4778-B135-5007D6FE8097}.Release|x86.ActiveCfg = Release|Win32
		{F65CD5E2-03AE-4778-B135-5007D6FE8097}.Release|x86.Build.0 = Release|Win32
		{250372B0-824B-458D-A812-DCC94E6AF0BF}.Debug|x64.ActiveCfg = Debug|x64
		{250372B0-824B-458D-A812-DCC94E6AF0BF}.Debug|x64.Build.0 = Debug|x64
		{250372B0-824B-458D-A812-DCC94E6AF0BF}.Debug|x86.ActiveCfg = Debug|Win32
		{250372B0-824B-458D-A812-DCC94E6AF0BF}.Debug|x86.Build.0 = Debug|Win32
		{250372B0-824B-458D-A812-DCC94E6AF0BF}.Release|x64.ActiveCfg = Release|x64
		{250372B0-824B-458D-A812-DCC94E6AF0BF}.Release|x64.Build.0 = Release|x64
		{250372B0-824B-458D-A812-DCC94E6AF0BF}.Release|x86.ActiveCfg = Release|Win32
		{250372B0-824B-458D-A812-DCC94E6AF0BF}.Release|x86.Build.0 = Release|Win32
		{6280774C-31E5-4074-866F-37C6F3DBF844}.Debug|x64.ActiveCfg = Debug|x64
		{6280774C-31E5-4074-866F-37C6F3DBF844}.Debug|x64.Build.0 = Debug|x64
		{6280774C-31E5-4074-866F-37C6F3DBF844}.Debug|x86.ActiveCfg = Debug|Win32
		{6280774C-31E5-4074-866F-37C6F3DBF844}.Debug|x86.Build.0 = Debug|Win32
		{6280774C-31E5-4074-866F-37C6F3DBF844}.Release|x64.ActiveCfg = Release|x64
		{6280774C-31E5-4074-866F-37C6F3DBF844}.Release|x64.Build.0 = Release|x64
		{6280774C-31E5-4074-866F-37C6F3DBF844}.Release|x86.ActiveCfg = Release|Win32
		{6280774C-31E5-4074-866F-37C6F3DBF844}.Release|x86.Build.0 = Release|Win32
	EndGlobalSection
	GlobalSection(SolutionProperties) = preSolution
		HideSolutionNode = FALSE
	EndGlobalSection
	GlobalSection(ExtensibilityGlobals) = postSolution
		SolutionGuid = {9502976E-1066-4630-8751-C24DF93C7D94}
	EndGlobalSection
EndGlobal
