
Microsoft Visual Studio Solution File, Format Version 12.00
# Visual Studio 15
VisualStudioVersion = 15.0.28307.329
MinimumVisualStudioVersion = 10.0.40219.1
Project("{8BC9CEB8-8B4A-11D0-8D11-00A0C91BC942}") = "Program13", "Program13\Program13.vcxproj", "{5F7178A0-5342-4A5C-BD59-24BFE7D788FF}"
EndProject
Project("{8BC9CEB8-8B4A-11D0-8D11-00A0C91BC942}") = "Project1_calculator", "..\..\assignment1\Project1_calculator\Project1_calculator.vcxproj", "{FD4EF260-2143-40AF-A965-4535B68E3FBC}"
EndProject
Project("{8BC9CEB8-8B4A-11D0-8D11-00A0C91BC942}") = "Project15_stringfns", "Project15_stringfns\Project15_stringfns.vcxproj", "{D71B8EDE-AF6A-42E0-ADC0-43F5C219FF04}"
EndProject
Global
	GlobalSection(SolutionConfigurationPlatforms) = preSolution
		Debug|x64 = Debug|x64
		Debug|x86 = Debug|x86
		Release|x64 = Release|x64
		Release|x86 = Release|x86
	EndGlobalSection
	GlobalSection(ProjectConfigurationPlatforms) = postSolution
		{5F7178A0-5342-4A5C-BD59-24BFE7D788FF}.Debug|x64.ActiveCfg = Debug|x64
		{5F7178A0-5342-4A5C-BD59-24BFE7D788FF}.Debug|x64.Build.0 = Debug|x64
		{5F7178A0-5342-4A5C-BD59-24BFE7D788FF}.Debug|x86.ActiveCfg = Debug|Win32
		{5F7178A0-5342-4A5C-BD59-24BFE7D788FF}.Debug|x86.Build.0 = Debug|Win32
		{5F7178A0-5342-4A5C-BD59-24BFE7D788FF}.Release|x64.ActiveCfg = Release|x64
		{5F7178A0-5342-4A5C-BD59-24BFE7D788FF}.Release|x64.Build.0 = Release|x64
		{5F7178A0-5342-4A5C-BD59-24BFE7D788FF}.Release|x86.ActiveCfg = Release|Win32
		{5F7178A0-5342-4A5C-BD59-24BFE7D788FF}.Release|x86.Build.0 = Release|Win32
		{FD4EF260-2143-40AF-A965-4535B68E3FBC}.Debug|x64.ActiveCfg = Debug|x64
		{FD4EF260-2143-40AF-A965-4535B68E3FBC}.Debug|x64.Build.0 = Debug|x64
		{FD4EF260-2143-40AF-A965-4535B68E3FBC}.Debug|x86.ActiveCfg = Debug|Win32
		{FD4EF260-2143-40AF-A965-4535B68E3FBC}.Debug|x86.Build.0 = Debug|Win32
		{FD4EF260-2143-40AF-A965-4535B68E3FBC}.Release|x64.ActiveCfg = Release|x64
		{FD4EF260-2143-40AF-A965-4535B68E3FBC}.Release|x64.Build.0 = Release|x64
		{FD4EF260-2143-40AF-A965-4535B68E3FBC}.Release|x86.ActiveCfg = Release|Win32
		{FD4EF260-2143-40AF-A965-4535B68E3FBC}.Release|x86.Build.0 = Release|Win32
		{D71B8EDE-AF6A-42E0-ADC0-43F5C219FF04}.Debug|x64.ActiveCfg = Debug|x64
		{D71B8EDE-AF6A-42E0-ADC0-43F5C219FF04}.Debug|x64.Build.0 = Debug|x64
		{D71B8EDE-AF6A-42E0-ADC0-43F5C219FF04}.Debug|x86.ActiveCfg = Debug|Win32
		{D71B8EDE-AF6A-42E0-ADC0-43F5C219FF04}.Debug|x86.Build.0 = Debug|Win32
		{D71B8EDE-AF6A-42E0-ADC0-43F5C219FF04}.Release|x64.ActiveCfg = Release|x64
		{D71B8EDE-AF6A-42E0-ADC0-43F5C219FF04}.Release|x64.Build.0 = Release|x64
		{D71B8EDE-AF6A-42E0-ADC0-43F5C219FF04}.Release|x86.ActiveCfg = Release|Win32
		{D71B8EDE-AF6A-42E0-ADC0-43F5C219FF04}.Release|x86.Build.0 = Release|Win32
	EndGlobalSection
	GlobalSection(SolutionProperties) = preSolution
		HideSolutionNode = FALSE
	EndGlobalSection
	GlobalSection(ExtensibilityGlobals) = postSolution
		SolutionGuid = {40E720D1-0DEC-4527-A5BE-84E1F497C2D5}
	EndGlobalSection
EndGlobal
